
Microsoft Visual Studio Solution File, Format Version 12.00
# Visual Studio Version 16
VisualStudioVersion = 16.0.30804.86
MinimumVisualStudioVersion = 10.0.40219.1
Project("{FAE04EC0-301F-11D3-BF4B-00C04F79EFBC}") = "OneSignal", "OneSignal\OneSignal.csproj", "{BCD636B9-BA1D-4604-9636-DCDDEEB32891}"
EndProject
Project("{FAE04EC0-301F-11D3-BF4B-00C04F79EFBC}") = "OneSignalAPI", "OneSignalAPI\OneSignalAPI.csproj", "{65C0FE0C-E9E7-413B-94EA-CA0D6B469060}"
EndProject
Global
	GlobalSection(SolutionConfigurationPlatforms) = preSolution
		Debug|Any CPU = Debug|Any CPU
		Release|Any CPU = Release|Any CPU
	EndGlobalSection
	GlobalSection(ProjectConfigurationPlatforms) = postSolution
		{BCD636B9-BA1D-4604-9636-DCDDEEB32891}.Debug|Any CPU.ActiveCfg = Debug|Any CPU
		{BCD636B9-BA1D-4604-9636-DCDDEEB32891}.Debug|Any CPU.Build.0 = Debug|Any CPU
		{BCD636B9-BA1D-4604-9636-DCDDEEB32891}.Release|Any CPU.ActiveCfg = Release|Any CPU
		{BCD636B9-BA1D-4604-9636-DCDDEEB32891}.Release|Any CPU.Build.0 = Release|Any CPU
		{65C0FE0C-E9E7-413B-94EA-CA0D6B469060}.Debug|Any CPU.ActiveCfg = Debug|Any CPU
		{65C0FE0C-E9E7-413B-94EA-CA0D6B469060}.Debug|Any CPU.Build.0 = Debug|Any CPU
		{65C0FE0C-E9E7-413B-94EA-CA0D6B469060}.Release|Any CPU.ActiveCfg = Release|Any CPU
		{65C0FE0C-E9E7-413B-94EA-CA0D6B469060}.Release|Any CPU.Build.0 = Release|Any CPU
	EndGlobalSection
	GlobalSection(SolutionProperties) = preSolution
		HideSolutionNode = FALSE
	EndGlobalSection
	GlobalSection(ExtensibilityGlobals) = postSolution
		SolutionGuid = {0E3F3D12-0D82-4380-B53E-7FADB62FAFBB}
	EndGlobalSection
EndGlobal
